
Microsoft Visual Studio Solution File, Format Version 12.00
# Visual Studio 15
VisualStudioVersion = 15.0.27130.0
MinimumVisualStudioVersion = 10.0.40219.1
Project("{9A19103F-16F7-4668-BE54-9A1E7A4F7556}") = "Lib155", "Lib155.csproj", "{7EDF34C3-38D5-46E6-BC4B-6347CC04BB38}"
EndProject
Project("{9A19103F-16F7-4668-BE54-9A1E7A4F7556}") = "Lib155-240", "Lib155-240.csproj", "{83B5E47A-8017-4BAB-A8FE-86E5F38613E1}"
EndProject
Global
	GlobalSection(SolutionConfigurationPlatforms) = preSolution
		Debug|Any CPU = Debug|Any CPU
		Release|Any CPU = Release|Any CPU
	EndGlobalSection
	GlobalSection(ProjectConfigurationPlatforms) = postSolution
		{7EDF34C3-38D5-46E6-BC4B-6347CC04BB38}.Debug|Any CPU.ActiveCfg = Debug|Any CPU
		{7EDF34C3-38D5-46E6-BC4B-6347CC04BB38}.Debug|Any CPU.Build.0 = Debug|Any CPU
		{7EDF34C3-38D5-46E6-BC4B-6347CC04BB38}.Release|Any CPU.ActiveCfg = Release|Any CPU
		{7EDF34C3-38D5-46E6-BC4B-6347CC04BB38}.Release|Any CPU.Build.0 = Release|Any CPU
		{83B5E47A-8017-4BAB-A8FE-86E5F38613E1}.Debug|Any CPU.ActiveCfg = Debug|Any CPU
		{83B5E47A-8017-4BAB-A8FE-86E5F38613E1}.Debug|Any CPU.Build.0 = Debug|Any CPU
		{83B5E47A-8017-4BAB-A8FE-86E5F38613E1}.Release|Any CPU.ActiveCfg = Release|Any CPU
		{83B5E47A-8017-4BAB-A8FE-86E5F38613E1}.Release|Any CPU.Build.0 = Release|Any CPU
	EndGlobalSection
	GlobalSection(SolutionProperties) = preSolution
		HideSolutionNode = FALSE
	EndGlobalSection
	GlobalSection(ExtensibilityGlobals) = postSolution
		SolutionGuid = {A68DCF49-0170-40A4-A424-D90009C503BE}
	EndGlobalSection
EndGlobal
